
Microsoft Visual Studio Solution File, Format Version 12.00
# Visual Studio Version 17
VisualStudioVersion = 17.6.33801.468
MinimumVisualStudioVersion = 10.0.40219.1
Project("{FAE04EC0-301F-11D3-BF4B-00C04F79EFBC}") = "E-SportGamingScore", "E-SportGamingScore\E-SportGamingScore.csproj", "{A2070FE0-7A38-46AC-BD1D-F4AF2FE5B026}"
EndProject
Project("{FAE04EC0-301F-11D3-BF4B-00C04F79EFBC}") = "E-SportGamingScore.Core", "E-SportGamingScore.Core\E-SportGamingScore.Core.csproj", "{4C4B4B8D-D6F1-4A10-AABA-53CA582AF2AF}"
EndProject
Project("{FAE04EC0-301F-11D3-BF4B-00C04F79EFBC}") = "E-SportGamingScore.Infrastructure", "E-SportGamingScore.Infrastructure\E-SportGamingScore.Infrastructure.csproj", "{62CE2377-7818-4C40-AB58-098207E6768A}"
EndProject
Global
	GlobalSection(SolutionConfigurationPlatforms) = preSolution
		Debug|Any CPU = Debug|Any CPU
		Release|Any CPU = Release|Any CPU
	EndGlobalSection
	GlobalSection(ProjectConfigurationPlatforms) = postSolution
		{A2070FE0-7A38-46AC-BD1D-F4AF2FE5B026}.Debug|Any CPU.ActiveCfg = Debug|Any CPU
		{A2070FE0-7A38-46AC-BD1D-F4AF2FE5B026}.Debug|Any CPU.Build.0 = Debug|Any CPU
		{A2070FE0-7A38-46AC-BD1D-F4AF2FE5B026}.Release|Any CPU.ActiveCfg = Release|Any CPU
		{A2070FE0-7A38-46AC-BD1D-F4AF2FE5B026}.Release|Any CPU.Build.0 = Release|Any CPU
		{4C4B4B8D-D6F1-4A10-AABA-53CA582AF2AF}.Debug|Any CPU.ActiveCfg = Debug|Any CPU
		{4C4B4B8D-D6F1-4A10-AABA-53CA582AF2AF}.Debug|Any CPU.Build.0 = Debug|Any CPU
		{4C4B4B8D-D6F1-4A10-AABA-53CA582AF2AF}.Release|Any CPU.ActiveCfg = Release|Any CPU
		{4C4B4B8D-D6F1-4A10-AABA-53CA582AF2AF}.Release|Any CPU.Build.0 = Release|Any CPU
		{62CE2377-7818-4C40-AB58-098207E6768A}.Debug|Any CPU.ActiveCfg = Debug|Any CPU
		{62CE2377-7818-4C40-AB58-098207E6768A}.Debug|Any CPU.Build.0 = Debug|Any CPU
		{62CE2377-7818-4C40-AB58-098207E6768A}.Release|Any CPU.ActiveCfg = Release|Any CPU
		{62CE2377-7818-4C40-AB58-098207E6768A}.Release|Any CPU.Build.0 = Release|Any CPU
	EndGlobalSection
	GlobalSection(SolutionProperties) = preSolution
		HideSolutionNode = FALSE
	EndGlobalSection
	GlobalSection(ExtensibilityGlobals) = postSolution
		SolutionGuid = {A4DE37C4-254E-4A51-86BA-579AD6A86CBA}
	EndGlobalSection
EndGlobal
